
Microsoft Visual Studio Solution File, Format Version 12.00
# Visual Studio Version 17
VisualStudioVersion = 17.4.33205.214
MinimumVisualStudioVersion = 10.0.40219.1
Project("{FAE04EC0-301F-11D3-BF4B-00C04F79EFBC}") = "BruteForceAnything", "BruteForceAnything\BruteForceAnything.csproj", "{35FE52A9-8C41-4DB8-A780-B2E145C4A057}"
EndProject
Global
	GlobalSection(SolutionConfigurationPlatforms) = preSolution
		Debug|Any CPU = Debug|Any CPU
		Release|Any CPU = Release|Any CPU
	EndGlobalSection
	GlobalSection(ProjectConfigurationPlatforms) = postSolution
		{35FE52A9-8C41-4DB8-A780-B2E145C4A057}.Debug|Any CPU.ActiveCfg = Debug|Any CPU
		{35FE52A9-8C41-4DB8-A780-B2E145C4A057}.Debug|Any CPU.Build.0 = Debug|Any CPU
		{35FE52A9-8C41-4DB8-A780-B2E145C4A057}.Release|Any CPU.ActiveCfg = Release|Any CPU
		{35FE52A9-8C41-4DB8-A780-B2E145C4A057}.Release|Any CPU.Build.0 = Release|Any CPU
	EndGlobalSection
	GlobalSection(SolutionProperties) = preSolution
		HideSolutionNode = FALSE
	EndGlobalSection
	GlobalSection(ExtensibilityGlobals) = postSolution
		SolutionGuid = {CE1662FD-4DDA-461F-9FAD-8C281E89DF62}
	EndGlobalSection
EndGlobal
